// !$*UTF8*$!
{
	archiveVersion = 1;
	classes = {
	};
	objectVersion = 51;
	objects = {

/* Begin PBXBuildFile section */
		0E49D32E24613F1800936391 /* Localizable.strings in Resources */ = {isa = PBXBuildFile; fileRef = 0E49D33024613F1800936391 /* Localizable.strings */; };
		0E49D3342461410800936391 /* String+Ext.swift in Sources */ = {isa = PBXBuildFile; fileRef = 0E49D3332461410800936391 /* String+Ext.swift */; };
		0E49D3412461498000936391 /* Main.storyboard in Resources */ = {isa = PBXBuildFile; fileRef = 0E49D33F2461498000936391 /* Main.storyboard */; };
		9401FE7FD65CCB96476743F1 /* Pods_RxSwift_TemplateTests.framework in Frameworks */ = {isa = PBXBuildFile; fileRef = 8336C1EDBC744302B5F56D53 /* Pods_RxSwift_TemplateTests.framework */; };
		9C08FFF02469412B00E4E051 /* APIError.swift in Sources */ = {isa = PBXBuildFile; fileRef = 9C08FFEC2469412B00E4E051 /* APIError.swift */; };
		9C08FFF22469412B00E4E051 /* APIConfig.swift in Sources */ = {isa = PBXBuildFile; fileRef = 9C08FFEE2469412B00E4E051 /* APIConfig.swift */; };
		9C08FFF32469412B00E4E051 /* APIRouter.swift in Sources */ = {isa = PBXBuildFile; fileRef = 9C08FFEF2469412B00E4E051 /* APIRouter.swift */; };
		9C08FFF6246941C200E4E051 /* NetworkingManager.swift in Sources */ = {isa = PBXBuildFile; fileRef = 9C08FFF4246941C200E4E051 /* NetworkingManager.swift */; };
		9C08FFF7246941C200E4E051 /* APIClient.swift in Sources */ = {isa = PBXBuildFile; fileRef = 9C08FFF5246941C200E4E051 /* APIClient.swift */; };
		9C08FFF9246957BD00E4E051 /* BindableType.swift in Sources */ = {isa = PBXBuildFile; fileRef = 9C08FFF8246957BD00E4E051 /* BindableType.swift */; };
		9C08FFFB246957C500E4E051 /* ViewModelType.swift in Sources */ = {isa = PBXBuildFile; fileRef = 9C08FFFA246957C500E4E051 /* ViewModelType.swift */; };
		9C1856E9246935F20080EBA5 /* Logger.swift in Sources */ = {isa = PBXBuildFile; fileRef = 9C1856E8246935F10080EBA5 /* Logger.swift */; };
		9C21BD9A244FFE9C0088D4B9 /* Constants.swift in Sources */ = {isa = PBXBuildFile; fileRef = 9C21BD99244FFE9C0088D4B9 /* Constants.swift */; };
		9C21BDA524502A010088D4B9 /* RepositoryAssembler.swift in Sources */ = {isa = PBXBuildFile; fileRef = 9C21BDA424502A010088D4B9 /* RepositoryAssembler.swift */; };
		9C21BDA7245049050088D4B9 /* Repo.swift in Sources */ = {isa = PBXBuildFile; fileRef = 9C21BDA6245049050088D4B9 /* Repo.swift */; };
		9C21BDAD245049E70088D4B9 /* RepoRepository.swift in Sources */ = {isa = PBXBuildFile; fileRef = 9C21BDAC245049E70088D4B9 /* RepoRepository.swift */; };
		9C21BDB0245079810088D4B9 /* RepoCell.xib in Resources */ = {isa = PBXBuildFile; fileRef = 9C21BDAE245079800088D4B9 /* RepoCell.xib */; };
		9C21BDB1245079810088D4B9 /* RepoCell.swift in Sources */ = {isa = PBXBuildFile; fileRef = 9C21BDAF245079800088D4B9 /* RepoCell.swift */; };
		9C21BDB3245079E10088D4B9 /* RepoViewModel.swift in Sources */ = {isa = PBXBuildFile; fileRef = 9C21BDB2245079E10088D4B9 /* RepoViewModel.swift */; };
		9C21BDB524507A640088D4B9 /* UIImageView+SDWebImage.swift in Sources */ = {isa = PBXBuildFile; fileRef = 9C21BDB424507A640088D4B9 /* UIImageView+SDWebImage.swift */; };
		9C376C2D246A3EEE0037F438 /* ResponseData.swift in Sources */ = {isa = PBXBuildFile; fileRef = 9C376C2C246A3EEE0037F438 /* ResponseData.swift */; };
		9C376C2F246A404A0037F438 /* Driver+.swift in Sources */ = {isa = PBXBuildFile; fileRef = 9C376C2E246A404A0037F438 /* Driver+.swift */; };
		9C376C31246A4F1D0037F438 /* ObservableType+.swift in Sources */ = {isa = PBXBuildFile; fileRef = 9C376C30246A4F1D0037F438 /* ObservableType+.swift */; };
		9C376C33246A507C0037F438 /* EndPoint.swift in Sources */ = {isa = PBXBuildFile; fileRef = 9C376C32246A507C0037F438 /* EndPoint.swift */; };
		9C49E6A9246E1AA600CCB652 /* ErrorTracker.swift in Sources */ = {isa = PBXBuildFile; fileRef = 9C49E6A8246E1AA600CCB652 /* ErrorTracker.swift */; };
		9C49E6AB246E1C0B00CCB652 /* ActivityIndicator.swift in Sources */ = {isa = PBXBuildFile; fileRef = 9C49E6AA246E1C0B00CCB652 /* ActivityIndicator.swift */; };
		9CA37F0A243C7A80003F565F /* UIViewController+Rx.swift in Sources */ = {isa = PBXBuildFile; fileRef = 9CA37F09243C7A80003F565F /* UIViewController+Rx.swift */; };
		9CC82B45243AD3B800D95996 /* AppDelegate.swift in Sources */ = {isa = PBXBuildFile; fileRef = 9CC82B44243AD3B800D95996 /* AppDelegate.swift */; };
		9CC82B4E243AD3BD00D95996 /* Assets.xcassets in Resources */ = {isa = PBXBuildFile; fileRef = 9CC82B4D243AD3BD00D95996 /* Assets.xcassets */; };
		9CC82B51243AD3BD00D95996 /* LaunchScreen.storyboard in Resources */ = {isa = PBXBuildFile; fileRef = 9CC82B4F243AD3BD00D95996 /* LaunchScreen.storyboard */; };
		9CC82B6F243ADA3500D95996 /* Assembler.swift in Sources */ = {isa = PBXBuildFile; fileRef = 9CC82B6E243ADA3500D95996 /* Assembler.swift */; };
		9CC82B75243ADA8000D95996 /* AppUseCase.swift in Sources */ = {isa = PBXBuildFile; fileRef = 9CC82B71243ADA8000D95996 /* AppUseCase.swift */; };
		9CC82B76243ADA8000D95996 /* AppNavigator.swift in Sources */ = {isa = PBXBuildFile; fileRef = 9CC82B72243ADA8000D95996 /* AppNavigator.swift */; };
		9CC82B77243ADA8000D95996 /* AppAssembler.swift in Sources */ = {isa = PBXBuildFile; fileRef = 9CC82B73243ADA8000D95996 /* AppAssembler.swift */; };
		9CC82B78243ADA8000D95996 /* AppViewModel.swift in Sources */ = {isa = PBXBuildFile; fileRef = 9CC82B74243ADA8000D95996 /* AppViewModel.swift */; };
		9CC82B81243AE5D800D95996 /* MainViewController.swift in Sources */ = {isa = PBXBuildFile; fileRef = 9CC82B7F243AE5D800D95996 /* MainViewController.swift */; };
		9CC82B84243AE62300D95996 /* MainViewModel.swift in Sources */ = {isa = PBXBuildFile; fileRef = 9CC82B83243AE62300D95996 /* MainViewModel.swift */; };
		9CC82B86243AE62F00D95996 /* MainUseCase.swift in Sources */ = {isa = PBXBuildFile; fileRef = 9CC82B85243AE62F00D95996 /* MainUseCase.swift */; };
		9CC82B88243AE64000D95996 /* MainNavigator.swift in Sources */ = {isa = PBXBuildFile; fileRef = 9CC82B87243AE64000D95996 /* MainNavigator.swift */; };
		9CC82B8A243AE67700D95996 /* Storyboard.swift in Sources */ = {isa = PBXBuildFile; fileRef = 9CC82B89243AE67700D95996 /* Storyboard.swift */; };
		9CC82B8C243B030500D95996 /* MainAssembler.swift in Sources */ = {isa = PBXBuildFile; fileRef = 9CC82B8B243B030500D95996 /* MainAssembler.swift */; };
		9CC82B91243B0AC800D95996 /* Utils.swift in Sources */ = {isa = PBXBuildFile; fileRef = 9CC82B90243B0AC800D95996 /* Utils.swift */; };
		9CC82B93243B128100D95996 /* UIViewController+.swift in Sources */ = {isa = PBXBuildFile; fileRef = 9CC82B92243B128100D95996 /* UIViewController+.swift */; };
		CFFAC2FA24663E430037DA63 /* MainNavigatorMock.swift in Sources */ = {isa = PBXBuildFile; fileRef = CFFAC2F924663E430037DA63 /* MainNavigatorMock.swift */; };
		CFFAC2FE246640010037DA63 /* MainUseCaseMock.swift in Sources */ = {isa = PBXBuildFile; fileRef = CFFAC2FD246640010037DA63 /* MainUseCaseMock.swift */; };
		CFFAC304246640920037DA63 /* MainViewControllerTest.swift in Sources */ = {isa = PBXBuildFile; fileRef = CFFAC303246640920037DA63 /* MainViewControllerTest.swift */; };
		CFFAC306246640A50037DA63 /* MainViewModelTest.swift in Sources */ = {isa = PBXBuildFile; fileRef = CFFAC305246640A50037DA63 /* MainViewModelTest.swift */; };
		CFFAC308246641010037DA63 /* RepoCellTest.swift in Sources */ = {isa = PBXBuildFile; fileRef = CFFAC307246641010037DA63 /* RepoCellTest.swift */; };
		CFFAC30B246647950037DA63 /* TestError.swift in Sources */ = {isa = PBXBuildFile; fileRef = CFFAC30A246647950037DA63 /* TestError.swift */; };
		F68AFC661B4B2353A839A0B8 /* Pods_RxSwift_Template.framework in Frameworks */ = {isa = PBXBuildFile; fileRef = 38F4B79C4F92C9272C254CCC /* Pods_RxSwift_Template.framework */; };
/* End PBXBuildFile section */

/* Begin PBXContainerItemProxy section */
		9CC82B58243AD3BD00D95996 /* PBXContainerItemProxy */ = {
			isa = PBXContainerItemProxy;
			containerPortal = 9CC82B39243AD3B800D95996 /* Project object */;
			proxyType = 1;
			remoteGlobalIDString = 9CC82B40243AD3B800D95996;
			remoteInfo = "RxSwift-Template";
		};
/* End PBXContainerItemProxy section */

/* Begin PBXFileReference section */
		05768A7D02635C25678E1B03 /* Pods-RxSwift-TemplateTests.staging.xcconfig */ = {isa = PBXFileReference; includeInIndex = 1; lastKnownFileType = text.xcconfig; name = "Pods-RxSwift-TemplateTests.staging.xcconfig"; path = "Target Support Files/Pods-RxSwift-TemplateTests/Pods-RxSwift-TemplateTests.staging.xcconfig"; sourceTree = "<group>"; };
		0997F782DFDB044E077572C7 /* Pods-RxSwift-Template.staging.xcconfig */ = {isa = PBXFileReference; includeInIndex = 1; lastKnownFileType = text.xcconfig; name = "Pods-RxSwift-Template.staging.xcconfig"; path = "Target Support Files/Pods-RxSwift-Template/Pods-RxSwift-Template.staging.xcconfig"; sourceTree = "<group>"; };
		0E49D32F24613F1800936391 /* en */ = {isa = PBXFileReference; lastKnownFileType = text.plist.strings; name = en; path = en.lproj/Localizable.strings; sourceTree = "<group>"; };
		0E49D33224613F2900936391 /* ja */ = {isa = PBXFileReference; lastKnownFileType = text.plist.strings; name = ja; path = ja.lproj/Localizable.strings; sourceTree = "<group>"; };
		0E49D3332461410800936391 /* String+Ext.swift */ = {isa = PBXFileReference; lastKnownFileType = sourcecode.swift; path = "String+Ext.swift"; sourceTree = "<group>"; };
		0E49D33E2461497300936391 /* en */ = {isa = PBXFileReference; lastKnownFileType = file.storyboard; name = en; path = en.lproj/LaunchScreen.storyboard; sourceTree = "<group>"; };
		0E49D3402461498000936391 /* en */ = {isa = PBXFileReference; lastKnownFileType = file.storyboard; name = en; path = en.lproj/Main.storyboard; sourceTree = "<group>"; };
		1E9C1D6496E5C2BE46C0E5B3 /* Pods-RxSwift-TemplateTests.debug.xcconfig */ = {isa = PBXFileReference; includeInIndex = 1; lastKnownFileType = text.xcconfig; name = "Pods-RxSwift-TemplateTests.debug.xcconfig"; path = "Target Support Files/Pods-RxSwift-TemplateTests/Pods-RxSwift-TemplateTests.debug.xcconfig"; sourceTree = "<group>"; };
		1F262A7D8D7796E1D45C512A /* Pods-RxSwift-Template.staging_build.xcconfig */ = {isa = PBXFileReference; includeInIndex = 1; lastKnownFileType = text.xcconfig; name = "Pods-RxSwift-Template.staging_build.xcconfig"; path = "Target Support Files/Pods-RxSwift-Template/Pods-RxSwift-Template.staging_build.xcconfig"; sourceTree = "<group>"; };
		28B2AA59507F9D722543E573 /* Pods-RxSwift-Template.development.xcconfig */ = {isa = PBXFileReference; includeInIndex = 1; lastKnownFileType = text.xcconfig; name = "Pods-RxSwift-Template.development.xcconfig"; path = "Target Support Files/Pods-RxSwift-Template/Pods-RxSwift-Template.development.xcconfig"; sourceTree = "<group>"; };
		299B96249F72E113DC65EC43 /* Pods-RxSwift-TemplateTests.production_build.xcconfig */ = {isa = PBXFileReference; includeInIndex = 1; lastKnownFileType = text.xcconfig; name = "Pods-RxSwift-TemplateTests.production_build.xcconfig"; path = "Target Support Files/Pods-RxSwift-TemplateTests/Pods-RxSwift-TemplateTests.production_build.xcconfig"; sourceTree = "<group>"; };
		38F4B79C4F92C9272C254CCC /* Pods_RxSwift_Template.framework */ = {isa = PBXFileReference; explicitFileType = wrapper.framework; includeInIndex = 0; path = Pods_RxSwift_Template.framework; sourceTree = BUILT_PRODUCTS_DIR; };
		8336C1EDBC744302B5F56D53 /* Pods_RxSwift_TemplateTests.framework */ = {isa = PBXFileReference; explicitFileType = wrapper.framework; includeInIndex = 0; path = Pods_RxSwift_TemplateTests.framework; sourceTree = BUILT_PRODUCTS_DIR; };
		996EE038CD46BD9045BA530F /* Pods-RxSwift-Template.release.xcconfig */ = {isa = PBXFileReference; includeInIndex = 1; lastKnownFileType = text.xcconfig; name = "Pods-RxSwift-Template.release.xcconfig"; path = "Target Support Files/Pods-RxSwift-Template/Pods-RxSwift-Template.release.xcconfig"; sourceTree = "<group>"; };
		9C08FFEC2469412B00E4E051 /* APIError.swift */ = {isa = PBXFileReference; fileEncoding = 4; lastKnownFileType = sourcecode.swift; name = APIError.swift; path = Services/API/APIError.swift; sourceTree = SOURCE_ROOT; };
		9C08FFEE2469412B00E4E051 /* APIConfig.swift */ = {isa = PBXFileReference; fileEncoding = 4; lastKnownFileType = sourcecode.swift; name = APIConfig.swift; path = Services/API/APIConfig.swift; sourceTree = SOURCE_ROOT; };
		9C08FFEF2469412B00E4E051 /* APIRouter.swift */ = {isa = PBXFileReference; fileEncoding = 4; lastKnownFileType = sourcecode.swift; name = APIRouter.swift; path = Services/API/APIRouter.swift; sourceTree = SOURCE_ROOT; };
		9C08FFF4246941C200E4E051 /* NetworkingManager.swift */ = {isa = PBXFileReference; fileEncoding = 4; lastKnownFileType = sourcecode.swift; name = NetworkingManager.swift; path = Services/API/NetworkingManager.swift; sourceTree = SOURCE_ROOT; };
		9C08FFF5246941C200E4E051 /* APIClient.swift */ = {isa = PBXFileReference; fileEncoding = 4; lastKnownFileType = sourcecode.swift; name = APIClient.swift; path = Services/API/APIClient.swift; sourceTree = SOURCE_ROOT; };
		9C08FFF8246957BD00E4E051 /* BindableType.swift */ = {isa = PBXFileReference; fileEncoding = 4; lastKnownFileType = sourcecode.swift; path = BindableType.swift; sourceTree = "<group>"; };
		9C08FFFA246957C500E4E051 /* ViewModelType.swift */ = {isa = PBXFileReference; fileEncoding = 4; lastKnownFileType = sourcecode.swift; path = ViewModelType.swift; sourceTree = "<group>"; };
		9C1856E8246935F10080EBA5 /* Logger.swift */ = {isa = PBXFileReference; fileEncoding = 4; lastKnownFileType = sourcecode.swift; path = Logger.swift; sourceTree = "<group>"; };
		9C21BD99244FFE9C0088D4B9 /* Constants.swift */ = {isa = PBXFileReference; fileEncoding = 4; lastKnownFileType = sourcecode.swift; path = Constants.swift; sourceTree = "<group>"; };
		9C21BDA424502A010088D4B9 /* RepositoryAssembler.swift */ = {isa = PBXFileReference; lastKnownFileType = sourcecode.swift; name = RepositoryAssembler.swift; path = Services/API/RepositoryAssembler.swift; sourceTree = SOURCE_ROOT; };
		9C21BDA6245049050088D4B9 /* Repo.swift */ = {isa = PBXFileReference; lastKnownFileType = sourcecode.swift; path = Repo.swift; sourceTree = "<group>"; };
		9C21BDAC245049E70088D4B9 /* RepoRepository.swift */ = {isa = PBXFileReference; lastKnownFileType = sourcecode.swift; name = RepoRepository.swift; path = Services/API/RepoRepository.swift; sourceTree = SOURCE_ROOT; };
		9C21BDAE245079800088D4B9 /* RepoCell.xib */ = {isa = PBXFileReference; fileEncoding = 4; lastKnownFileType = file.xib; path = RepoCell.xib; sourceTree = "<group>"; };
		9C21BDAF245079800088D4B9 /* RepoCell.swift */ = {isa = PBXFileReference; fileEncoding = 4; lastKnownFileType = sourcecode.swift; path = RepoCell.swift; sourceTree = "<group>"; };
		9C21BDB2245079E10088D4B9 /* RepoViewModel.swift */ = {isa = PBXFileReference; lastKnownFileType = sourcecode.swift; path = RepoViewModel.swift; sourceTree = "<group>"; };
		9C21BDB424507A640088D4B9 /* UIImageView+SDWebImage.swift */ = {isa = PBXFileReference; lastKnownFileType = sourcecode.swift; path = "UIImageView+SDWebImage.swift"; sourceTree = "<group>"; };
		9C376C2C246A3EEE0037F438 /* ResponseData.swift */ = {isa = PBXFileReference; fileEncoding = 4; lastKnownFileType = sourcecode.swift; name = ResponseData.swift; path = Services/API/ResponseData.swift; sourceTree = SOURCE_ROOT; };
		9C376C2E246A404A0037F438 /* Driver+.swift */ = {isa = PBXFileReference; lastKnownFileType = sourcecode.swift; path = "Driver+.swift"; sourceTree = "<group>"; };
		9C376C30246A4F1D0037F438 /* ObservableType+.swift */ = {isa = PBXFileReference; lastKnownFileType = sourcecode.swift; path = "ObservableType+.swift"; sourceTree = "<group>"; };
		9C376C32246A507C0037F438 /* EndPoint.swift */ = {isa = PBXFileReference; lastKnownFileType = sourcecode.swift; name = EndPoint.swift; path = Services/API/EndPoint.swift; sourceTree = SOURCE_ROOT; };
		9C49E6A8246E1AA600CCB652 /* ErrorTracker.swift */ = {isa = PBXFileReference; lastKnownFileType = sourcecode.swift; path = ErrorTracker.swift; sourceTree = "<group>"; };
		9C49E6AA246E1C0B00CCB652 /* ActivityIndicator.swift */ = {isa = PBXFileReference; lastKnownFileType = sourcecode.swift; path = ActivityIndicator.swift; sourceTree = "<group>"; };
		9CA37F09243C7A80003F565F /* UIViewController+Rx.swift */ = {isa = PBXFileReference; fileEncoding = 4; lastKnownFileType = sourcecode.swift; path = "UIViewController+Rx.swift"; sourceTree = "<group>"; };
		9CC82B41243AD3B800D95996 /* RxSwift-Template Dev.app */ = {isa = PBXFileReference; explicitFileType = wrapper.application; includeInIndex = 0; path = "RxSwift-Template Dev.app"; sourceTree = BUILT_PRODUCTS_DIR; };
		9CC82B44243AD3B800D95996 /* AppDelegate.swift */ = {isa = PBXFileReference; lastKnownFileType = sourcecode.swift; path = AppDelegate.swift; sourceTree = "<group>"; };
		9CC82B4D243AD3BD00D95996 /* Assets.xcassets */ = {isa = PBXFileReference; lastKnownFileType = folder.assetcatalog; path = Assets.xcassets; sourceTree = "<group>"; };
		9CC82B52243AD3BD00D95996 /* Info.plist */ = {isa = PBXFileReference; lastKnownFileType = text.plist.xml; path = Info.plist; sourceTree = "<group>"; };
		9CC82B57243AD3BD00D95996 /* RxSwift-TemplateTests.xctest */ = {isa = PBXFileReference; explicitFileType = wrapper.cfbundle; includeInIndex = 0; path = "RxSwift-TemplateTests.xctest"; sourceTree = BUILT_PRODUCTS_DIR; };
		9CC82B5D243AD3BD00D95996 /* Info.plist */ = {isa = PBXFileReference; lastKnownFileType = text.plist.xml; path = Info.plist; sourceTree = "<group>"; };
		9CC82B6E243ADA3500D95996 /* Assembler.swift */ = {isa = PBXFileReference; lastKnownFileType = sourcecode.swift; path = Assembler.swift; sourceTree = "<group>"; };
		9CC82B71243ADA8000D95996 /* AppUseCase.swift */ = {isa = PBXFileReference; fileEncoding = 4; lastKnownFileType = sourcecode.swift; path = AppUseCase.swift; sourceTree = "<group>"; };
		9CC82B72243ADA8000D95996 /* AppNavigator.swift */ = {isa = PBXFileReference; fileEncoding = 4; lastKnownFileType = sourcecode.swift; path = AppNavigator.swift; sourceTree = "<group>"; };
		9CC82B73243ADA8000D95996 /* AppAssembler.swift */ = {isa = PBXFileReference; fileEncoding = 4; lastKnownFileType = sourcecode.swift; path = AppAssembler.swift; sourceTree = "<group>"; };
		9CC82B74243ADA8000D95996 /* AppViewModel.swift */ = {isa = PBXFileReference; fileEncoding = 4; lastKnownFileType = sourcecode.swift; path = AppViewModel.swift; sourceTree = "<group>"; };
		9CC82B7B243AE1B200D95996 /* Bridging-Header.h */ = {isa = PBXFileReference; fileEncoding = 4; lastKnownFileType = sourcecode.c.h; path = "Bridging-Header.h"; sourceTree = "<group>"; };
		9CC82B7F243AE5D800D95996 /* MainViewController.swift */ = {isa = PBXFileReference; lastKnownFileType = sourcecode.swift; path = MainViewController.swift; sourceTree = "<group>"; };
		9CC82B83243AE62300D95996 /* MainViewModel.swift */ = {isa = PBXFileReference; lastKnownFileType = sourcecode.swift; path = MainViewModel.swift; sourceTree = "<group>"; };
		9CC82B85243AE62F00D95996 /* MainUseCase.swift */ = {isa = PBXFileReference; lastKnownFileType = sourcecode.swift; path = MainUseCase.swift; sourceTree = "<group>"; };
		9CC82B87243AE64000D95996 /* MainNavigator.swift */ = {isa = PBXFileReference; lastKnownFileType = sourcecode.swift; path = MainNavigator.swift; sourceTree = "<group>"; };
		9CC82B89243AE67700D95996 /* Storyboard.swift */ = {isa = PBXFileReference; lastKnownFileType = sourcecode.swift; path = Storyboard.swift; sourceTree = "<group>"; };
		9CC82B8B243B030500D95996 /* MainAssembler.swift */ = {isa = PBXFileReference; lastKnownFileType = sourcecode.swift; path = MainAssembler.swift; sourceTree = "<group>"; };
		9CC82B90243B0AC800D95996 /* Utils.swift */ = {isa = PBXFileReference; lastKnownFileType = sourcecode.swift; path = Utils.swift; sourceTree = "<group>"; };
		9CC82B92243B128100D95996 /* UIViewController+.swift */ = {isa = PBXFileReference; lastKnownFileType = sourcecode.swift; path = "UIViewController+.swift"; sourceTree = "<group>"; };
		B86F7686451EE373598F71F7 /* Pods-RxSwift-Template.production_build.xcconfig */ = {isa = PBXFileReference; includeInIndex = 1; lastKnownFileType = text.xcconfig; name = "Pods-RxSwift-Template.production_build.xcconfig"; path = "Target Support Files/Pods-RxSwift-Template/Pods-RxSwift-Template.production_build.xcconfig"; sourceTree = "<group>"; };
		BC66BFE02314CC9A19D6376A /* Pods-RxSwift-TemplateTests.release.xcconfig */ = {isa = PBXFileReference; includeInIndex = 1; lastKnownFileType = text.xcconfig; name = "Pods-RxSwift-TemplateTests.release.xcconfig"; path = "Target Support Files/Pods-RxSwift-TemplateTests/Pods-RxSwift-TemplateTests.release.xcconfig"; sourceTree = "<group>"; };
		C03DC9CCE34744C0D3701362 /* Pods-RxSwift-TemplateTests.production.xcconfig */ = {isa = PBXFileReference; includeInIndex = 1; lastKnownFileType = text.xcconfig; name = "Pods-RxSwift-TemplateTests.production.xcconfig"; path = "Target Support Files/Pods-RxSwift-TemplateTests/Pods-RxSwift-TemplateTests.production.xcconfig"; sourceTree = "<group>"; };
		C68FB59C86ED10E7563D789A /* Pods-RxSwift-TemplateTests.development.xcconfig */ = {isa = PBXFileReference; includeInIndex = 1; lastKnownFileType = text.xcconfig; name = "Pods-RxSwift-TemplateTests.development.xcconfig"; path = "Target Support Files/Pods-RxSwift-TemplateTests/Pods-RxSwift-TemplateTests.development.xcconfig"; sourceTree = "<group>"; };
		CFFAC2F924663E430037DA63 /* MainNavigatorMock.swift */ = {isa = PBXFileReference; lastKnownFileType = sourcecode.swift; path = MainNavigatorMock.swift; sourceTree = "<group>"; };
		CFFAC2FD246640010037DA63 /* MainUseCaseMock.swift */ = {isa = PBXFileReference; lastKnownFileType = sourcecode.swift; path = MainUseCaseMock.swift; sourceTree = "<group>"; };
		CFFAC303246640920037DA63 /* MainViewControllerTest.swift */ = {isa = PBXFileReference; lastKnownFileType = sourcecode.swift; path = MainViewControllerTest.swift; sourceTree = "<group>"; };
		CFFAC305246640A50037DA63 /* MainViewModelTest.swift */ = {isa = PBXFileReference; lastKnownFileType = sourcecode.swift; path = MainViewModelTest.swift; sourceTree = "<group>"; };
		CFFAC307246641010037DA63 /* RepoCellTest.swift */ = {isa = PBXFileReference; lastKnownFileType = sourcecode.swift; path = RepoCellTest.swift; sourceTree = "<group>"; };
		CFFAC30A246647950037DA63 /* TestError.swift */ = {isa = PBXFileReference; lastKnownFileType = sourcecode.swift; path = TestError.swift; sourceTree = "<group>"; };
		DBE0E49D6FC68DBE16FD24C6 /* Pods-RxSwift-Template.production.xcconfig */ = {isa = PBXFileReference; includeInIndex = 1; lastKnownFileType = text.xcconfig; name = "Pods-RxSwift-Template.production.xcconfig"; path = "Target Support Files/Pods-RxSwift-Template/Pods-RxSwift-Template.production.xcconfig"; sourceTree = "<group>"; };
		DCEE961095B03EDD3F4A431E /* Pods-RxSwift-Template.development_build.xcconfig */ = {isa = PBXFileReference; includeInIndex = 1; lastKnownFileType = text.xcconfig; name = "Pods-RxSwift-Template.development_build.xcconfig"; path = "Target Support Files/Pods-RxSwift-Template/Pods-RxSwift-Template.development_build.xcconfig"; sourceTree = "<group>"; };
		EC045B9421512DC3F8660D4A /* Pods-RxSwift-TemplateTests.development_build.xcconfig */ = {isa = PBXFileReference; includeInIndex = 1; lastKnownFileType = text.xcconfig; name = "Pods-RxSwift-TemplateTests.development_build.xcconfig"; path = "Target Support Files/Pods-RxSwift-TemplateTests/Pods-RxSwift-TemplateTests.development_build.xcconfig"; sourceTree = "<group>"; };
		FD1944E7F2B7053F8C3C1BBF /* Pods-RxSwift-Template.debug.xcconfig */ = {isa = PBXFileReference; includeInIndex = 1; lastKnownFileType = text.xcconfig; name = "Pods-RxSwift-Template.debug.xcconfig"; path = "Target Support Files/Pods-RxSwift-Template/Pods-RxSwift-Template.debug.xcconfig"; sourceTree = "<group>"; };
		FE6F89216705E2966B0A8193 /* Pods-RxSwift-TemplateTests.staging_build.xcconfig */ = {isa = PBXFileReference; includeInIndex = 1; lastKnownFileType = text.xcconfig; name = "Pods-RxSwift-TemplateTests.staging_build.xcconfig"; path = "Target Support Files/Pods-RxSwift-TemplateTests/Pods-RxSwift-TemplateTests.staging_build.xcconfig"; sourceTree = "<group>"; };
/* End PBXFileReference section */

/* Begin PBXFrameworksBuildPhase section */
		9CC82B3E243AD3B800D95996 /* Frameworks */ = {
			isa = PBXFrameworksBuildPhase;
			buildActionMask = 2147483647;
			files = (
				F68AFC661B4B2353A839A0B8 /* Pods_RxSwift_Template.framework in Frameworks */,
			);
			runOnlyForDeploymentPostprocessing = 0;
		};
		9CC82B54243AD3BD00D95996 /* Frameworks */ = {
			isa = PBXFrameworksBuildPhase;
			buildActionMask = 2147483647;
			files = (
				9401FE7FD65CCB96476743F1 /* Pods_RxSwift_TemplateTests.framework in Frameworks */,
			);
			runOnlyForDeploymentPostprocessing = 0;
		};
/* End PBXFrameworksBuildPhase section */

/* Begin PBXGroup section */
		53830631968879963828710B /* Frameworks */ = {
			isa = PBXGroup;
			children = (
				38F4B79C4F92C9272C254CCC /* Pods_RxSwift_Template.framework */,
				8336C1EDBC744302B5F56D53 /* Pods_RxSwift_TemplateTests.framework */,
			);
			name = Frameworks;
			sourceTree = "<group>";
		};
		9C21BD91244FFCDD0088D4B9 /* API */ = {
			isa = PBXGroup;
			children = (
				9C376C2C246A3EEE0037F438 /* ResponseData.swift */,
				9C08FFF5246941C200E4E051 /* APIClient.swift */,
				9C08FFF4246941C200E4E051 /* NetworkingManager.swift */,
				9C08FFEE2469412B00E4E051 /* APIConfig.swift */,
				9C08FFEC2469412B00E4E051 /* APIError.swift */,
				9C08FFEF2469412B00E4E051 /* APIRouter.swift */,
				9C376C32246A507C0037F438 /* EndPoint.swift */,
			);
			path = API;
			sourceTree = "<group>";
		};
		9C21BD98244FFE9C0088D4B9 /* Define */ = {
			isa = PBXGroup;
			children = (
				9C21BD99244FFE9C0088D4B9 /* Constants.swift */,
			);
			path = Define;
			sourceTree = "<group>";
		};
		9C21BD9B244FFEBD0088D4B9 /* Models */ = {
			isa = PBXGroup;
			children = (
				9C21BDA6245049050088D4B9 /* Repo.swift */,
			);
			path = Models;
			sourceTree = "<group>";
		};
		9CC82B38243AD3B800D95996 = {
			isa = PBXGroup;
			children = (
				9CC82B43243AD3B800D95996 /* RxSwift-Template */,
				9CC82B5A243AD3BD00D95996 /* RxSwift-TemplateTests */,
				9CC82B42243AD3B800D95996 /* Products */,
				CEAD8161D35CF9A17643FE18 /* Pods */,
				53830631968879963828710B /* Frameworks */,
			);
			sourceTree = "<group>";
		};
		9CC82B42243AD3B800D95996 /* Products */ = {
			isa = PBXGroup;
			children = (
				9CC82B41243AD3B800D95996 /* RxSwift-Template Dev.app */,
				9CC82B57243AD3BD00D95996 /* RxSwift-TemplateTests.xctest */,
			);
			name = Products;
			sourceTree = "<group>";
		};
		9CC82B43243AD3B800D95996 /* RxSwift-Template */ = {
			isa = PBXGroup;
			children = (
				9C21BD98244FFE9C0088D4B9 /* Define */,
				9CC82B6B243AD47A00D95996 /* Assembler */,
				9CC82B6A243AD45E00D95996 /* Support */,
				9CC82B69243AD45700D95996 /* Extension */,
				9CC82B68243AD44F00D95996 /* Domain */,
				9CC82B67243AD44600D95996 /* Platform */,
				9CC82B66243AD41100D95996 /* Scenes */,
				9CC82B44243AD3B800D95996 /* AppDelegate.swift */,
				9CC82B4D243AD3BD00D95996 /* Assets.xcassets */,
				9CC82B4F243AD3BD00D95996 /* LaunchScreen.storyboard */,
				9CC82B52243AD3BD00D95996 /* Info.plist */,
				9CC82B7B243AE1B200D95996 /* Bridging-Header.h */,
				0E49D33024613F1800936391 /* Localizable.strings */,
			);
			path = "RxSwift-Template";
			sourceTree = "<group>";
		};
		9CC82B5A243AD3BD00D95996 /* RxSwift-TemplateTests */ = {
			isa = PBXGroup;
			children = (
				CFFAC2F624663E020037DA63 /* Main */,
				CFFAC30A246647950037DA63 /* TestError.swift */,
				9CC82B5D243AD3BD00D95996 /* Info.plist */,
			);
			path = "RxSwift-TemplateTests";
			sourceTree = "<group>";
		};
		9CC82B66243AD41100D95996 /* Scenes */ = {
			isa = PBXGroup;
			children = (
				9CC82B70243ADA6100D95996 /* App */,
				9CC82B6D243ADA0A00D95996 /* Storyboard */,
				9CC82B6C243AD48F00D95996 /* Main */,
			);
			path = Scenes;
			sourceTree = "<group>";
		};
		9CC82B67243AD44600D95996 /* Platform */ = {
			isa = PBXGroup;
			children = (
				9CC82B8F243B096600D95996 /* Services */,
				9CC82B8E243B095D00D95996 /* LocalData */,
				9CC82B7C243AE2BA00D95996 /* Repositories */,
			);
			path = Platform;
			sourceTree = "<group>";
		};
		9CC82B68243AD44F00D95996 /* Domain */ = {
			isa = PBXGroup;
			children = (
				9C21BD9B244FFEBD0088D4B9 /* Models */,
			);
			path = Domain;
			sourceTree = "<group>";
		};
		9CC82B69243AD45700D95996 /* Extension */ = {
			isa = PBXGroup;
			children = (
				9CC82B92243B128100D95996 /* UIViewController+.swift */,
				9CA37F09243C7A80003F565F /* UIViewController+Rx.swift */,
				9C21BDB424507A640088D4B9 /* UIImageView+SDWebImage.swift */,
				0E49D3332461410800936391 /* String+Ext.swift */,
				9C376C2E246A404A0037F438 /* Driver+.swift */,
				9C376C30246A4F1D0037F438 /* ObservableType+.swift */,
			);
			path = Extension;
			sourceTree = "<group>";
		};
		9CC82B6A243AD45E00D95996 /* Support */ = {
			isa = PBXGroup;
			children = (
				9C08FFFA246957C500E4E051 /* ViewModelType.swift */,
				9C08FFF8246957BD00E4E051 /* BindableType.swift */,
				9CC82B90243B0AC800D95996 /* Utils.swift */,
				9C1856E8246935F10080EBA5 /* Logger.swift */,
				9C49E6A8246E1AA600CCB652 /* ErrorTracker.swift */,
				9C49E6AA246E1C0B00CCB652 /* ActivityIndicator.swift */,
			);
			path = Support;
			sourceTree = "<group>";
		};
		9CC82B6B243AD47A00D95996 /* Assembler */ = {
			isa = PBXGroup;
			children = (
				9CC82B6E243ADA3500D95996 /* Assembler.swift */,
			);
			path = Assembler;
			sourceTree = "<group>";
		};
		9CC82B6C243AD48F00D95996 /* Main */ = {
			isa = PBXGroup;
			children = (
				9C21BDAF245079800088D4B9 /* RepoCell.swift */,
				9C21BDAE245079800088D4B9 /* RepoCell.xib */,
				9CC82B7F243AE5D800D95996 /* MainViewController.swift */,
				9CC82B83243AE62300D95996 /* MainViewModel.swift */,
				9CC82B85243AE62F00D95996 /* MainUseCase.swift */,
				9CC82B87243AE64000D95996 /* MainNavigator.swift */,
				9CC82B8B243B030500D95996 /* MainAssembler.swift */,
				9C21BDB2245079E10088D4B9 /* RepoViewModel.swift */,
			);
			path = Main;
			sourceTree = "<group>";
		};
		9CC82B6D243ADA0A00D95996 /* Storyboard */ = {
			isa = PBXGroup;
			children = (
				0E49D33F2461498000936391 /* Main.storyboard */,
				9CC82B89243AE67700D95996 /* Storyboard.swift */,
			);
			path = Storyboard;
			sourceTree = "<group>";
		};
		9CC82B70243ADA6100D95996 /* App */ = {
			isa = PBXGroup;
			children = (
				9CC82B72243ADA8000D95996 /* AppNavigator.swift */,
				9CC82B71243ADA8000D95996 /* AppUseCase.swift */,
				9CC82B74243ADA8000D95996 /* AppViewModel.swift */,
				9CC82B73243ADA8000D95996 /* AppAssembler.swift */,
			);
			path = App;
			sourceTree = "<group>";
		};
		9CC82B7C243AE2BA00D95996 /* Repositories */ = {
			isa = PBXGroup;
			children = (
				9C21BDA424502A010088D4B9 /* RepositoryAssembler.swift */,
				9C21BDAC245049E70088D4B9 /* RepoRepository.swift */,
			);
			path = Repositories;
			sourceTree = "<group>";
		};
		9CC82B8E243B095D00D95996 /* LocalData */ = {
			isa = PBXGroup;
			children = (
			);
			path = LocalData;
			sourceTree = "<group>";
		};
		9CC82B8F243B096600D95996 /* Services */ = {
			isa = PBXGroup;
			children = (
				9C21BD91244FFCDD0088D4B9 /* API */,
			);
			path = Services;
			sourceTree = "<group>";
		};
		CEAD8161D35CF9A17643FE18 /* Pods */ = {
			isa = PBXGroup;
			children = (
				FD1944E7F2B7053F8C3C1BBF /* Pods-RxSwift-Template.debug.xcconfig */,
				996EE038CD46BD9045BA530F /* Pods-RxSwift-Template.release.xcconfig */,
				1E9C1D6496E5C2BE46C0E5B3 /* Pods-RxSwift-TemplateTests.debug.xcconfig */,
				BC66BFE02314CC9A19D6376A /* Pods-RxSwift-TemplateTests.release.xcconfig */,
				28B2AA59507F9D722543E573 /* Pods-RxSwift-Template.development.xcconfig */,
				0997F782DFDB044E077572C7 /* Pods-RxSwift-Template.staging.xcconfig */,
				DBE0E49D6FC68DBE16FD24C6 /* Pods-RxSwift-Template.production.xcconfig */,
				C68FB59C86ED10E7563D789A /* Pods-RxSwift-TemplateTests.development.xcconfig */,
				05768A7D02635C25678E1B03 /* Pods-RxSwift-TemplateTests.staging.xcconfig */,
				C03DC9CCE34744C0D3701362 /* Pods-RxSwift-TemplateTests.production.xcconfig */,
				DCEE961095B03EDD3F4A431E /* Pods-RxSwift-Template.development_build.xcconfig */,
				1F262A7D8D7796E1D45C512A /* Pods-RxSwift-Template.staging_build.xcconfig */,
				B86F7686451EE373598F71F7 /* Pods-RxSwift-Template.production_build.xcconfig */,
				EC045B9421512DC3F8660D4A /* Pods-RxSwift-TemplateTests.development_build.xcconfig */,
				FE6F89216705E2966B0A8193 /* Pods-RxSwift-TemplateTests.staging_build.xcconfig */,
				299B96249F72E113DC65EC43 /* Pods-RxSwift-TemplateTests.production_build.xcconfig */,
			);
			path = Pods;
			sourceTree = "<group>";
		};
		CFFAC2F624663E020037DA63 /* Main */ = {
			isa = PBXGroup;
			children = (
				CFFAC2F924663E430037DA63 /* MainNavigatorMock.swift */,
				CFFAC2FD246640010037DA63 /* MainUseCaseMock.swift */,
				CFFAC303246640920037DA63 /* MainViewControllerTest.swift */,
				CFFAC305246640A50037DA63 /* MainViewModelTest.swift */,
				CFFAC307246641010037DA63 /* RepoCellTest.swift */,
			);
			path = Main;
			sourceTree = "<group>";
		};
/* End PBXGroup section */

/* Begin PBXNativeTarget section */
		9CC82B40243AD3B800D95996 /* RxSwift-Template */ = {
			isa = PBXNativeTarget;
			buildConfigurationList = 9CC82B60243AD3BD00D95996 /* Build configuration list for PBXNativeTarget "RxSwift-Template" */;
			buildPhases = (
				135B5714EEC9AEF8FBF45AB2 /* [CP] Check Pods Manifest.lock */,
				9CC82B3D243AD3B800D95996 /* Sources */,
				9CC82B3E243AD3B800D95996 /* Frameworks */,
				9CC82B3F243AD3B800D95996 /* Resources */,
				4BFAAF8AC859504326E6C9ED /* [CP] Embed Pods Frameworks */,
			);
			buildRules = (
			);
			dependencies = (
			);
			name = "RxSwift-Template";
			productName = "RxSwift-Template";
			productReference = 9CC82B41243AD3B800D95996 /* RxSwift-Template Dev.app */;
			productType = "com.apple.product-type.application";
		};
		9CC82B56243AD3BD00D95996 /* RxSwift-TemplateTests */ = {
			isa = PBXNativeTarget;
			buildConfigurationList = 9CC82B63243AD3BD00D95996 /* Build configuration list for PBXNativeTarget "RxSwift-TemplateTests" */;
			buildPhases = (
				FAE80F94260BA5C6F589827D /* [CP] Check Pods Manifest.lock */,
				9CC82B53243AD3BD00D95996 /* Sources */,
				9CC82B54243AD3BD00D95996 /* Frameworks */,
				9CC82B55243AD3BD00D95996 /* Resources */,
				F4301F41513E9D0FB7298F74 /* [CP] Embed Pods Frameworks */,
			);
			buildRules = (
			);
			dependencies = (
				9CC82B59243AD3BD00D95996 /* PBXTargetDependency */,
			);
			name = "RxSwift-TemplateTests";
			productName = "RxSwift-TemplateTests";
			productReference = 9CC82B57243AD3BD00D95996 /* RxSwift-TemplateTests.xctest */;
			productType = "com.apple.product-type.bundle.unit-test";
		};
/* End PBXNativeTarget section */

/* Begin PBXProject section */
		9CC82B39243AD3B800D95996 /* Project object */ = {
			isa = PBXProject;
			attributes = {
				LastSwiftUpdateCheck = 1140;
				LastUpgradeCheck = 1140;
				ORGANIZATIONNAME = nguyen.the.trinh;
				TargetAttributes = {
					9CC82B40243AD3B800D95996 = {
						CreatedOnToolsVersion = 11.4;
					};
					9CC82B56243AD3BD00D95996 = {
						CreatedOnToolsVersion = 11.4;
						TestTargetID = 9CC82B40243AD3B800D95996;
					};
				};
			};
			buildConfigurationList = 9CC82B3C243AD3B800D95996 /* Build configuration list for PBXProject "RxSwift-Template" */;
			compatibilityVersion = "Xcode 9.3";
			developmentRegion = en;
			hasScannedForEncodings = 0;
			knownRegions = (
				en,
				ja,
			);
			mainGroup = 9CC82B38243AD3B800D95996;
			productRefGroup = 9CC82B42243AD3B800D95996 /* Products */;
			projectDirPath = "";
			projectRoot = "";
			targets = (
				9CC82B40243AD3B800D95996 /* RxSwift-Template */,
				9CC82B56243AD3BD00D95996 /* RxSwift-TemplateTests */,
			);
		};
/* End PBXProject section */

/* Begin PBXResourcesBuildPhase section */
		9CC82B3F243AD3B800D95996 /* Resources */ = {
			isa = PBXResourcesBuildPhase;
			buildActionMask = 2147483647;
			files = (
				0E49D32E24613F1800936391 /* Localizable.strings in Resources */,
				0E49D3412461498000936391 /* Main.storyboard in Resources */,
				9CC82B51243AD3BD00D95996 /* LaunchScreen.storyboard in Resources */,
				9CC82B4E243AD3BD00D95996 /* Assets.xcassets in Resources */,
				9C21BDB0245079810088D4B9 /* RepoCell.xib in Resources */,
			);
			runOnlyForDeploymentPostprocessing = 0;
		};
		9CC82B55243AD3BD00D95996 /* Resources */ = {
			isa = PBXResourcesBuildPhase;
			buildActionMask = 2147483647;
			files = (
			);
			runOnlyForDeploymentPostprocessing = 0;
		};
/* End PBXResourcesBuildPhase section */

/* Begin PBXShellScriptBuildPhase section */
		135B5714EEC9AEF8FBF45AB2 /* [CP] Check Pods Manifest.lock */ = {
			isa = PBXShellScriptBuildPhase;
			buildActionMask = 2147483647;
			files = (
			);
			inputFileListPaths = (
			);
			inputPaths = (
				"${PODS_PODFILE_DIR_PATH}/Podfile.lock",
				"${PODS_ROOT}/Manifest.lock",
			);
			name = "[CP] Check Pods Manifest.lock";
			outputFileListPaths = (
			);
			outputPaths = (
				"$(DERIVED_FILE_DIR)/Pods-RxSwift-Template-checkManifestLockResult.txt",
			);
			runOnlyForDeploymentPostprocessing = 0;
			shellPath = /bin/sh;
			shellScript = "diff \"${PODS_PODFILE_DIR_PATH}/Podfile.lock\" \"${PODS_ROOT}/Manifest.lock\" > /dev/null\nif [ $? != 0 ] ; then\n    # print error to STDERR\n    echo \"error: The sandbox is not in sync with the Podfile.lock. Run 'pod install' or update your CocoaPods installation.\" >&2\n    exit 1\nfi\n# This output is used by Xcode 'outputs' to avoid re-running this script phase.\necho \"SUCCESS\" > \"${SCRIPT_OUTPUT_FILE_0}\"\n";
			showEnvVarsInLog = 0;
		};
		4BFAAF8AC859504326E6C9ED /* [CP] Embed Pods Frameworks */ = {
			isa = PBXShellScriptBuildPhase;
			buildActionMask = 2147483647;
			files = (
			);
			inputFileListPaths = (
				"${PODS_ROOT}/Target Support Files/Pods-RxSwift-Template/Pods-RxSwift-Template-frameworks-${CONFIGURATION}-input-files.xcfilelist",
			);
			name = "[CP] Embed Pods Frameworks";
			outputFileListPaths = (
				"${PODS_ROOT}/Target Support Files/Pods-RxSwift-Template/Pods-RxSwift-Template-frameworks-${CONFIGURATION}-output-files.xcfilelist",
			);
			runOnlyForDeploymentPostprocessing = 0;
			shellPath = /bin/sh;
			shellScript = "\"${PODS_ROOT}/Target Support Files/Pods-RxSwift-Template/Pods-RxSwift-Template-frameworks.sh\"\n";
			showEnvVarsInLog = 0;
		};
		F4301F41513E9D0FB7298F74 /* [CP] Embed Pods Frameworks */ = {
			isa = PBXShellScriptBuildPhase;
			buildActionMask = 2147483647;
			files = (
			);
			inputFileListPaths = (
				"${PODS_ROOT}/Target Support Files/Pods-RxSwift-TemplateTests/Pods-RxSwift-TemplateTests-frameworks-${CONFIGURATION}-input-files.xcfilelist",
			);
			name = "[CP] Embed Pods Frameworks";
			outputFileListPaths = (
				"${PODS_ROOT}/Target Support Files/Pods-RxSwift-TemplateTests/Pods-RxSwift-TemplateTests-frameworks-${CONFIGURATION}-output-files.xcfilelist",
			);
			runOnlyForDeploymentPostprocessing = 0;
			shellPath = /bin/sh;
			shellScript = "\"${PODS_ROOT}/Target Support Files/Pods-RxSwift-TemplateTests/Pods-RxSwift-TemplateTests-frameworks.sh\"\n";
			showEnvVarsInLog = 0;
		};
		FAE80F94260BA5C6F589827D /* [CP] Check Pods Manifest.lock */ = {
			isa = PBXShellScriptBuildPhase;
			buildActionMask = 2147483647;
			files = (
			);
			inputFileListPaths = (
			);
			inputPaths = (
				"${PODS_PODFILE_DIR_PATH}/Podfile.lock",
				"${PODS_ROOT}/Manifest.lock",
			);
			name = "[CP] Check Pods Manifest.lock";
			outputFileListPaths = (
			);
			outputPaths = (
				"$(DERIVED_FILE_DIR)/Pods-RxSwift-TemplateTests-checkManifestLockResult.txt",
			);
			runOnlyForDeploymentPostprocessing = 0;
			shellPath = /bin/sh;
			shellScript = "diff \"${PODS_PODFILE_DIR_PATH}/Podfile.lock\" \"${PODS_ROOT}/Manifest.lock\" > /dev/null\nif [ $? != 0 ] ; then\n    # print error to STDERR\n    echo \"error: The sandbox is not in sync with the Podfile.lock. Run 'pod install' or update your CocoaPods installation.\" >&2\n    exit 1\nfi\n# This output is used by Xcode 'outputs' to avoid re-running this script phase.\necho \"SUCCESS\" > \"${SCRIPT_OUTPUT_FILE_0}\"\n";
			showEnvVarsInLog = 0;
		};
/* End PBXShellScriptBuildPhase section */

/* Begin PBXSourcesBuildPhase section */
		9CC82B3D243AD3B800D95996 /* Sources */ = {
			isa = PBXSourcesBuildPhase;
			buildActionMask = 2147483647;
			files = (
				9C49E6AB246E1C0B00CCB652 /* ActivityIndicator.swift in Sources */,
				9CC82B93243B128100D95996 /* UIViewController+.swift in Sources */,
				9C21BDA7245049050088D4B9 /* Repo.swift in Sources */,
				9C21BDB1245079810088D4B9 /* RepoCell.swift in Sources */,
				9C1856E9246935F20080EBA5 /* Logger.swift in Sources */,
				9C08FFF9246957BD00E4E051 /* BindableType.swift in Sources */,
				9C08FFF22469412B00E4E051 /* APIConfig.swift in Sources */,
				9C08FFF7246941C200E4E051 /* APIClient.swift in Sources */,
				9CC82B6F243ADA3500D95996 /* Assembler.swift in Sources */,
				9CC82B78243ADA8000D95996 /* AppViewModel.swift in Sources */,
				9CC82B91243B0AC800D95996 /* Utils.swift in Sources */,
				9C08FFFB246957C500E4E051 /* ViewModelType.swift in Sources */,
				9CC82B8A243AE67700D95996 /* Storyboard.swift in Sources */,
				9C376C33246A507C0037F438 /* EndPoint.swift in Sources */,
				9C21BDB3245079E10088D4B9 /* RepoViewModel.swift in Sources */,
				9CA37F0A243C7A80003F565F /* UIViewController+Rx.swift in Sources */,
				9CC82B75243ADA8000D95996 /* AppUseCase.swift in Sources */,
				9CC82B84243AE62300D95996 /* MainViewModel.swift in Sources */,
				9C08FFF6246941C200E4E051 /* NetworkingManager.swift in Sources */,
				9CC82B77243ADA8000D95996 /* AppAssembler.swift in Sources */,
				9C21BDAD245049E70088D4B9 /* RepoRepository.swift in Sources */,
				9CC82B81243AE5D800D95996 /* MainViewController.swift in Sources */,
				9C376C31246A4F1D0037F438 /* ObservableType+.swift in Sources */,
				9CC82B8C243B030500D95996 /* MainAssembler.swift in Sources */,
				9C21BDA524502A010088D4B9 /* RepositoryAssembler.swift in Sources */,
				9C376C2D246A3EEE0037F438 /* ResponseData.swift in Sources */,
				9C21BDB524507A640088D4B9 /* UIImageView+SDWebImage.swift in Sources */,
				0E49D3342461410800936391 /* String+Ext.swift in Sources */,
				9C08FFF32469412B00E4E051 /* APIRouter.swift in Sources */,
				9CC82B45243AD3B800D95996 /* AppDelegate.swift in Sources */,
				9C376C2F246A404A0037F438 /* Driver+.swift in Sources */,
				9CC82B86243AE62F00D95996 /* MainUseCase.swift in Sources */,
				9C49E6A9246E1AA600CCB652 /* ErrorTracker.swift in Sources */,
				9CC82B88243AE64000D95996 /* MainNavigator.swift in Sources */,
				9CC82B76243ADA8000D95996 /* AppNavigator.swift in Sources */,
				9C08FFF02469412B00E4E051 /* APIError.swift in Sources */,
				9C21BD9A244FFE9C0088D4B9 /* Constants.swift in Sources */,
			);
			runOnlyForDeploymentPostprocessing = 0;
		};
		9CC82B53243AD3BD00D95996 /* Sources */ = {
			isa = PBXSourcesBuildPhase;
			buildActionMask = 2147483647;
			files = (
				CFFAC2FA24663E430037DA63 /* MainNavigatorMock.swift in Sources */,
				CFFAC308246641010037DA63 /* RepoCellTest.swift in Sources */,
				CFFAC306246640A50037DA63 /* MainViewModelTest.swift in Sources */,
				CFFAC2FE246640010037DA63 /* MainUseCaseMock.swift in Sources */,
				CFFAC30B246647950037DA63 /* TestError.swift in Sources */,
				CFFAC304246640920037DA63 /* MainViewControllerTest.swift in Sources */,
			);
			runOnlyForDeploymentPostprocessing = 0;
		};
/* End PBXSourcesBuildPhase section */

/* Begin PBXTargetDependency section */
		9CC82B59243AD3BD00D95996 /* PBXTargetDependency */ = {
			isa = PBXTargetDependency;
			target = 9CC82B40243AD3B800D95996 /* RxSwift-Template */;
			targetProxy = 9CC82B58243AD3BD00D95996 /* PBXContainerItemProxy */;
		};
/* End PBXTargetDependency section */

/* Begin PBXVariantGroup section */
		0E49D33024613F1800936391 /* Localizable.strings */ = {
			isa = PBXVariantGroup;
			children = (
				0E49D32F24613F1800936391 /* en */,
				0E49D33224613F2900936391 /* ja */,
			);
			name = Localizable.strings;
			sourceTree = "<group>";
		};
		0E49D33F2461498000936391 /* Main.storyboard */ = {
			isa = PBXVariantGroup;
			children = (
				0E49D3402461498000936391 /* en */,
			);
			name = Main.storyboard;
			sourceTree = "<group>";
		};
		9CC82B4F243AD3BD00D95996 /* LaunchScreen.storyboard */ = {
			isa = PBXVariantGroup;
			children = (
				0E49D33E2461497300936391 /* en */,
			);
			name = LaunchScreen.storyboard;
			sourceTree = "<group>";
		};
/* End PBXVariantGroup section */

/* Begin XCBuildConfiguration section */
		9CC82B5E243AD3BD00D95996 /* Development */ = {
			isa = XCBuildConfiguration;
			buildSettings = {
				ALWAYS_SEARCH_USER_PATHS = NO;
				CLANG_ANALYZER_LOCALIZABILITY_NONLOCALIZED = YES;
				CLANG_ANALYZER_NONNULL = YES;
				CLANG_ANALYZER_NUMBER_OBJECT_CONVERSION = YES_AGGRESSIVE;
				CLANG_CXX_LANGUAGE_STANDARD = "gnu++14";
				CLANG_CXX_LIBRARY = "libc++";
				CLANG_ENABLE_MODULES = YES;
				CLANG_ENABLE_OBJC_ARC = YES;
				CLANG_ENABLE_OBJC_WEAK = YES;
				CLANG_WARN_BLOCK_CAPTURE_AUTORELEASING = YES;
				CLANG_WARN_BOOL_CONVERSION = YES;
				CLANG_WARN_COMMA = YES;
				CLANG_WARN_CONSTANT_CONVERSION = YES;
				CLANG_WARN_DEPRECATED_OBJC_IMPLEMENTATIONS = YES;
				CLANG_WARN_DIRECT_OBJC_ISA_USAGE = YES_ERROR;
				CLANG_WARN_DOCUMENTATION_COMMENTS = YES;
				CLANG_WARN_EMPTY_BODY = YES;
				CLANG_WARN_ENUM_CONVERSION = YES;
				CLANG_WARN_INFINITE_RECURSION = YES;
				CLANG_WARN_INT_CONVERSION = YES;
				CLANG_WARN_NON_LITERAL_NULL_CONVERSION = YES;
				CLANG_WARN_OBJC_IMPLICIT_RETAIN_SELF = YES;
				CLANG_WARN_OBJC_LITERAL_CONVERSION = YES;
				CLANG_WARN_OBJC_ROOT_CLASS = YES_ERROR;
				CLANG_WARN_RANGE_LOOP_ANALYSIS = YES;
				CLANG_WARN_STRICT_PROTOTYPES = YES;
				CLANG_WARN_SUSPICIOUS_MOVE = YES;
				CLANG_WARN_UNGUARDED_AVAILABILITY = YES_AGGRESSIVE;
				CLANG_WARN_UNREACHABLE_CODE = YES;
				CLANG_WARN__DUPLICATE_METHOD_MATCH = YES;
				COPY_PHASE_STRIP = NO;
				DEBUG_INFORMATION_FORMAT = dwarf;
				ENABLE_STRICT_OBJC_MSGSEND = YES;
				ENABLE_TESTABILITY = YES;
				GCC_C_LANGUAGE_STANDARD = gnu11;
				GCC_DYNAMIC_NO_PIC = NO;
				GCC_NO_COMMON_BLOCKS = YES;
				GCC_OPTIMIZATION_LEVEL = 0;
				GCC_PREPROCESSOR_DEFINITIONS = (
					"DEBUG=1",
					"$(inherited)",
				);
				GCC_WARN_64_TO_32_BIT_CONVERSION = YES;
				GCC_WARN_ABOUT_RETURN_TYPE = YES_ERROR;
				GCC_WARN_UNDECLARED_SELECTOR = YES;
				GCC_WARN_UNINITIALIZED_AUTOS = YES_AGGRESSIVE;
				GCC_WARN_UNUSED_FUNCTION = YES;
				GCC_WARN_UNUSED_VARIABLE = YES;
				IPHONEOS_DEPLOYMENT_TARGET = 12.0;
				MTL_ENABLE_DEBUG_INFO = INCLUDE_SOURCE;
				MTL_FAST_MATH = YES;
				ONLY_ACTIVE_ARCH = YES;
				SDKROOT = iphoneos;
				SWIFT_ACTIVE_COMPILATION_CONDITIONS = DEBUG;
				SWIFT_OPTIMIZATION_LEVEL = "-Onone";
			};
			name = Development;
		};
		9CC82B5F243AD3BD00D95996 /* Production */ = {
			isa = XCBuildConfiguration;
			buildSettings = {
				ALWAYS_SEARCH_USER_PATHS = NO;
				CLANG_ANALYZER_LOCALIZABILITY_NONLOCALIZED = YES;
				CLANG_ANALYZER_NONNULL = YES;
				CLANG_ANALYZER_NUMBER_OBJECT_CONVERSION = YES_AGGRESSIVE;
				CLANG_CXX_LANGUAGE_STANDARD = "gnu++14";
				CLANG_CXX_LIBRARY = "libc++";
				CLANG_ENABLE_MODULES = YES;
				CLANG_ENABLE_OBJC_ARC = YES;
				CLANG_ENABLE_OBJC_WEAK = YES;
				CLANG_WARN_BLOCK_CAPTURE_AUTORELEASING = YES;
				CLANG_WARN_BOOL_CONVERSION = YES;
				CLANG_WARN_COMMA = YES;
				CLANG_WARN_CONSTANT_CONVERSION = YES;
				CLANG_WARN_DEPRECATED_OBJC_IMPLEMENTATIONS = YES;
				CLANG_WARN_DIRECT_OBJC_ISA_USAGE = YES_ERROR;
				CLANG_WARN_DOCUMENTATION_COMMENTS = YES;
				CLANG_WARN_EMPTY_BODY = YES;
				CLANG_WARN_ENUM_CONVERSION = YES;
				CLANG_WARN_INFINITE_RECURSION = YES;
				CLANG_WARN_INT_CONVERSION = YES;
				CLANG_WARN_NON_LITERAL_NULL_CONVERSION = YES;
				CLANG_WARN_OBJC_IMPLICIT_RETAIN_SELF = YES;
				CLANG_WARN_OBJC_LITERAL_CONVERSION = YES;
				CLANG_WARN_OBJC_ROOT_CLASS = YES_ERROR;
				CLANG_WARN_RANGE_LOOP_ANALYSIS = YES;
				CLANG_WARN_STRICT_PROTOTYPES = YES;
				CLANG_WARN_SUSPICIOUS_MOVE = YES;
				CLANG_WARN_UNGUARDED_AVAILABILITY = YES_AGGRESSIVE;
				CLANG_WARN_UNREACHABLE_CODE = YES;
				CLANG_WARN__DUPLICATE_METHOD_MATCH = YES;
				COPY_PHASE_STRIP = NO;
				DEBUG_INFORMATION_FORMAT = "dwarf-with-dsym";
				ENABLE_NS_ASSERTIONS = NO;
				ENABLE_STRICT_OBJC_MSGSEND = YES;
				ENABLE_TESTABILITY = YES;
				GCC_C_LANGUAGE_STANDARD = gnu11;
				GCC_NO_COMMON_BLOCKS = YES;
				GCC_WARN_64_TO_32_BIT_CONVERSION = YES;
				GCC_WARN_ABOUT_RETURN_TYPE = YES_ERROR;
				GCC_WARN_UNDECLARED_SELECTOR = YES;
				GCC_WARN_UNINITIALIZED_AUTOS = YES_AGGRESSIVE;
				GCC_WARN_UNUSED_FUNCTION = YES;
				GCC_WARN_UNUSED_VARIABLE = YES;
				IPHONEOS_DEPLOYMENT_TARGET = 12.0;
				MTL_ENABLE_DEBUG_INFO = NO;
				MTL_FAST_MATH = YES;
				SDKROOT = iphoneos;
				SWIFT_ACTIVE_COMPILATION_CONDITIONS = PRODUCTION;
				SWIFT_COMPILATION_MODE = wholemodule;
				SWIFT_OPTIMIZATION_LEVEL = "-O";
				VALIDATE_PRODUCT = YES;
			};
			name = Production;
		};
		9CC82B61243AD3BD00D95996 /* Development */ = {
			isa = XCBuildConfiguration;
			baseConfigurationReference = 28B2AA59507F9D722543E573 /* Pods-RxSwift-Template.development.xcconfig */;
			buildSettings = {
				ASSETCATALOG_COMPILER_APPICON_NAME = AppIcon;
				CODE_SIGN_STYLE = Manual;
				DEVELOPMENT_TEAM = "";
				INFOPLIST_FILE = "RxSwift-Template/Info.plist";
				IPHONEOS_DEPLOYMENT_TARGET = 9.0;
				LD_RUNPATH_SEARCH_PATHS = (
					"$(inherited)",
					"@executable_path/Frameworks",
				);
				PRODUCT_BUNDLE_IDENTIFIER = "sun-asterisk.RxSwift-Template.dev";
				PRODUCT_NAME = "RxSwift-Template Dev";
				PROVISIONING_PROFILE_SPECIFIER = "";
				SWIFT_OBJC_BRIDGING_HEADER = "RxSwift-Template/Bridging-Header.h";
				SWIFT_VERSION = 5.0;
				TARGETED_DEVICE_FAMILY = 1;
			};
			name = Development;
		};
		9CC82B62243AD3BD00D95996 /* Production */ = {
			isa = XCBuildConfiguration;
			baseConfigurationReference = DBE0E49D6FC68DBE16FD24C6 /* Pods-RxSwift-Template.production.xcconfig */;
			buildSettings = {
				ASSETCATALOG_COMPILER_APPICON_NAME = AppIcon;
				CODE_SIGN_STYLE = Manual;
				DEVELOPMENT_TEAM = "";
				INFOPLIST_FILE = "RxSwift-Template/Info.plist";
				IPHONEOS_DEPLOYMENT_TARGET = 9.0;
				LD_RUNPATH_SEARCH_PATHS = (
					"$(inherited)",
					"@executable_path/Frameworks",
				);
				PRODUCT_BUNDLE_IDENTIFIER = "sun-asterisk.RxSwift-Template";
				PRODUCT_NAME = "RxSwift-Template";
				PROVISIONING_PROFILE_SPECIFIER = "";
				SWIFT_OBJC_BRIDGING_HEADER = "RxSwift-Template/Bridging-Header.h";
				SWIFT_VERSION = 5.0;
				TARGETED_DEVICE_FAMILY = 1;
			};
			name = Production;
		};
		9CC82B64243AD3BD00D95996 /* Development */ = {
			isa = XCBuildConfiguration;
			baseConfigurationReference = C68FB59C86ED10E7563D789A /* Pods-RxSwift-TemplateTests.development.xcconfig */;
			buildSettings = {
				ALWAYS_EMBED_SWIFT_STANDARD_LIBRARIES = YES;
				BUNDLE_LOADER = "$(TEST_HOST)";
				CODE_SIGN_STYLE = Automatic;
				ENABLE_TESTABILITY = YES;
				INFOPLIST_FILE = "RxSwift-TemplateTests/Info.plist";
				IPHONEOS_DEPLOYMENT_TARGET = 11.0;
				LD_RUNPATH_SEARCH_PATHS = (
					"$(inherited)",
					"@executable_path/Frameworks",
					"@loader_path/Frameworks",
				);
				PRODUCT_BUNDLE_IDENTIFIER = "sun-asterisk.RxSwift-TemplateTests";
				PRODUCT_NAME = "$(TARGET_NAME)";
				SWIFT_VERSION = 5.0;
				TARGETED_DEVICE_FAMILY = "1,2";
				TEST_HOST = "$(BUILT_PRODUCTS_DIR)/RxSwift-Template Dev.app/RxSwift-Template Dev";
			};
			name = Development;
		};
		9CC82B65243AD3BD00D95996 /* Production */ = {
			isa = XCBuildConfiguration;
			baseConfigurationReference = C03DC9CCE34744C0D3701362 /* Pods-RxSwift-TemplateTests.production.xcconfig */;
			buildSettings = {
				ALWAYS_EMBED_SWIFT_STANDARD_LIBRARIES = YES;
				BUNDLE_LOADER = "$(TEST_HOST)";
				CODE_SIGN_STYLE = Automatic;
				ENABLE_TESTABILITY = YES;
				INFOPLIST_FILE = "RxSwift-TemplateTests/Info.plist";
				IPHONEOS_DEPLOYMENT_TARGET = 11.0;
				LD_RUNPATH_SEARCH_PATHS = (
					"$(inherited)",
					"@executable_path/Frameworks",
					"@loader_path/Frameworks",
				);
				PRODUCT_BUNDLE_IDENTIFIER = "sun-asterisk.RxSwift-TemplateTests";
				PRODUCT_NAME = "$(TARGET_NAME)";
				SWIFT_VERSION = 5.0;
				TARGETED_DEVICE_FAMILY = "1,2";
				TEST_HOST = "$(BUILT_PRODUCTS_DIR)/RxSwift-Template.app/RxSwift-Template";
			};
			name = Production;
		};
		9CCAF97724639A430003C56E /* Staging */ = {
			isa = XCBuildConfiguration;
			buildSettings = {
				ALWAYS_SEARCH_USER_PATHS = NO;
				CLANG_ANALYZER_NONNULL = YES;
				CLANG_ANALYZER_NUMBER_OBJECT_CONVERSION = YES_AGGRESSIVE;
				CLANG_CXX_LANGUAGE_STANDARD = "gnu++14";
				CLANG_CXX_LIBRARY = "libc++";
				CLANG_ENABLE_MODULES = YES;
				CLANG_ENABLE_OBJC_ARC = YES;
				CLANG_ENABLE_OBJC_WEAK = YES;
				CLANG_WARN_BLOCK_CAPTURE_AUTORELEASING = YES;
				CLANG_WARN_BOOL_CONVERSION = YES;
				CLANG_WARN_COMMA = YES;
				CLANG_WARN_CONSTANT_CONVERSION = YES;
				CLANG_WARN_DEPRECATED_OBJC_IMPLEMENTATIONS = YES;
				CLANG_WARN_DIRECT_OBJC_ISA_USAGE = YES_ERROR;
				CLANG_WARN_DOCUMENTATION_COMMENTS = YES;
				CLANG_WARN_EMPTY_BODY = YES;
				CLANG_WARN_ENUM_CONVERSION = YES;
				CLANG_WARN_INFINITE_RECURSION = YES;
				CLANG_WARN_INT_CONVERSION = YES;
				CLANG_WARN_NON_LITERAL_NULL_CONVERSION = YES;
				CLANG_WARN_OBJC_IMPLICIT_RETAIN_SELF = YES;
				CLANG_WARN_OBJC_LITERAL_CONVERSION = YES;
				CLANG_WARN_OBJC_ROOT_CLASS = YES_ERROR;
				CLANG_WARN_RANGE_LOOP_ANALYSIS = YES;
				CLANG_WARN_STRICT_PROTOTYPES = YES;
				CLANG_WARN_SUSPICIOUS_MOVE = YES;
				CLANG_WARN_UNGUARDED_AVAILABILITY = YES_AGGRESSIVE;
				CLANG_WARN_UNREACHABLE_CODE = YES;
				CLANG_WARN__DUPLICATE_METHOD_MATCH = YES;
				COPY_PHASE_STRIP = NO;
				DEBUG_INFORMATION_FORMAT = dwarf;
				ENABLE_STRICT_OBJC_MSGSEND = YES;
				ENABLE_TESTABILITY = YES;
				GCC_C_LANGUAGE_STANDARD = gnu11;
				GCC_DYNAMIC_NO_PIC = NO;
				GCC_NO_COMMON_BLOCKS = YES;
				GCC_OPTIMIZATION_LEVEL = 0;
				GCC_PREPROCESSOR_DEFINITIONS = (
					"DEBUG=1",
					"$(inherited)",
				);
				GCC_WARN_64_TO_32_BIT_CONVERSION = YES;
				GCC_WARN_ABOUT_RETURN_TYPE = YES_ERROR;
				GCC_WARN_UNDECLARED_SELECTOR = YES;
				GCC_WARN_UNINITIALIZED_AUTOS = YES_AGGRESSIVE;
				GCC_WARN_UNUSED_FUNCTION = YES;
				GCC_WARN_UNUSED_VARIABLE = YES;
				IPHONEOS_DEPLOYMENT_TARGET = 12.0;
				MTL_ENABLE_DEBUG_INFO = INCLUDE_SOURCE;
				MTL_FAST_MATH = YES;
				ONLY_ACTIVE_ARCH = YES;
				SDKROOT = iphoneos;
				SWIFT_ACTIVE_COMPILATION_CONDITIONS = STAGING;
				SWIFT_OPTIMIZATION_LEVEL = "-Onone";
			};
			name = Staging;
		};
		9CCAF97824639A430003C56E /* Staging */ = {
			isa = XCBuildConfiguration;
			baseConfigurationReference = 0997F782DFDB044E077572C7 /* Pods-RxSwift-Template.staging.xcconfig */;
			buildSettings = {
				ASSETCATALOG_COMPILER_APPICON_NAME = AppIcon;
				CODE_SIGN_STYLE = Manual;
				DEVELOPMENT_TEAM = "";
				INFOPLIST_FILE = "RxSwift-Template/Info.plist";
				IPHONEOS_DEPLOYMENT_TARGET = 9.0;
				LD_RUNPATH_SEARCH_PATHS = (
					"$(inherited)",
					"@executable_path/Frameworks",
				);
				PRODUCT_BUNDLE_IDENTIFIER = "sun-asterisk.RxSwift-Template.stg";
				PRODUCT_NAME = "RxSwift-Template Staging";
				PROVISIONING_PROFILE_SPECIFIER = "";
				SWIFT_OBJC_BRIDGING_HEADER = "RxSwift-Template/Bridging-Header.h";
				SWIFT_VERSION = 5.0;
				TARGETED_DEVICE_FAMILY = 1;
			};
			name = Staging;
		};
		9CCAF97924639A430003C56E /* Staging */ = {
			isa = XCBuildConfiguration;
			baseConfigurationReference = 05768A7D02635C25678E1B03 /* Pods-RxSwift-TemplateTests.staging.xcconfig */;
			buildSettings = {
				ALWAYS_EMBED_SWIFT_STANDARD_LIBRARIES = YES;
				BUNDLE_LOADER = "$(TEST_HOST)";
				CODE_SIGN_STYLE = Automatic;
				ENABLE_TESTABILITY = YES;
				INFOPLIST_FILE = "RxSwift-TemplateTests/Info.plist";
				IPHONEOS_DEPLOYMENT_TARGET = 11.0;
				LD_RUNPATH_SEARCH_PATHS = (
					"$(inherited)",
					"@executable_path/Frameworks",
					"@loader_path/Frameworks",
				);
				PRODUCT_BUNDLE_IDENTIFIER = "sun-asterisk.RxSwift-TemplateTests";
				PRODUCT_NAME = "$(TARGET_NAME)";
				SWIFT_VERSION = 5.0;
				TARGETED_DEVICE_FAMILY = "1,2";
				TEST_HOST = "$(BUILT_PRODUCTS_DIR)/RxSwift-Template Staging.app/RxSwift-Template Staging";
			};
			name = Staging;
		};
		9CCAF97A2463A96D0003C56E /* Development_Build */ = {
			isa = XCBuildConfiguration;
			buildSettings = {
				ALWAYS_SEARCH_USER_PATHS = NO;
				CLANG_ANALYZER_NONNULL = YES;
				CLANG_ANALYZER_NUMBER_OBJECT_CONVERSION = YES_AGGRESSIVE;
				CLANG_CXX_LANGUAGE_STANDARD = "gnu++14";
				CLANG_CXX_LIBRARY = "libc++";
				CLANG_ENABLE_MODULES = YES;
				CLANG_ENABLE_OBJC_ARC = YES;
				CLANG_ENABLE_OBJC_WEAK = YES;
				CLANG_WARN_BLOCK_CAPTURE_AUTORELEASING = YES;
				CLANG_WARN_BOOL_CONVERSION = YES;
				CLANG_WARN_COMMA = YES;
				CLANG_WARN_CONSTANT_CONVERSION = YES;
				CLANG_WARN_DEPRECATED_OBJC_IMPLEMENTATIONS = YES;
				CLANG_WARN_DIRECT_OBJC_ISA_USAGE = YES_ERROR;
				CLANG_WARN_DOCUMENTATION_COMMENTS = YES;
				CLANG_WARN_EMPTY_BODY = YES;
				CLANG_WARN_ENUM_CONVERSION = YES;
				CLANG_WARN_INFINITE_RECURSION = YES;
				CLANG_WARN_INT_CONVERSION = YES;
				CLANG_WARN_NON_LITERAL_NULL_CONVERSION = YES;
				CLANG_WARN_OBJC_IMPLICIT_RETAIN_SELF = YES;
				CLANG_WARN_OBJC_LITERAL_CONVERSION = YES;
				CLANG_WARN_OBJC_ROOT_CLASS = YES_ERROR;
				CLANG_WARN_RANGE_LOOP_ANALYSIS = YES;
				CLANG_WARN_STRICT_PROTOTYPES = YES;
				CLANG_WARN_SUSPICIOUS_MOVE = YES;
				CLANG_WARN_UNGUARDED_AVAILABILITY = YES_AGGRESSIVE;
				CLANG_WARN_UNREACHABLE_CODE = YES;
				CLANG_WARN__DUPLICATE_METHOD_MATCH = YES;
				COPY_PHASE_STRIP = NO;
				DEBUG_INFORMATION_FORMAT = dwarf;
				ENABLE_STRICT_OBJC_MSGSEND = YES;
				ENABLE_TESTABILITY = YES;
				GCC_C_LANGUAGE_STANDARD = gnu11;
				GCC_DYNAMIC_NO_PIC = NO;
				GCC_NO_COMMON_BLOCKS = YES;
				GCC_OPTIMIZATION_LEVEL = 0;
				GCC_PREPROCESSOR_DEFINITIONS = (
					"DEBUG=1",
					"$(inherited)",
				);
				GCC_WARN_64_TO_32_BIT_CONVERSION = YES;
				GCC_WARN_ABOUT_RETURN_TYPE = YES_ERROR;
				GCC_WARN_UNDECLARED_SELECTOR = YES;
				GCC_WARN_UNINITIALIZED_AUTOS = YES_AGGRESSIVE;
				GCC_WARN_UNUSED_FUNCTION = YES;
				GCC_WARN_UNUSED_VARIABLE = YES;
				IPHONEOS_DEPLOYMENT_TARGET = 12.0;
				MTL_ENABLE_DEBUG_INFO = INCLUDE_SOURCE;
				MTL_FAST_MATH = YES;
				ONLY_ACTIVE_ARCH = YES;
				SDKROOT = iphoneos;
				SWIFT_ACTIVE_COMPILATION_CONDITIONS = DEBUG_BUILD;
				SWIFT_OPTIMIZATION_LEVEL = "-Onone";
			};
			name = Development_Build;
		};
		9CCAF97B2463A96D0003C56E /* Development_Build */ = {
			isa = XCBuildConfiguration;
			baseConfigurationReference = DCEE961095B03EDD3F4A431E /* Pods-RxSwift-Template.development_build.xcconfig */;
			buildSettings = {
				ASSETCATALOG_COMPILER_APPICON_NAME = AppIcon;
				CODE_SIGN_STYLE = Manual;
				DEVELOPMENT_TEAM = "";
				INFOPLIST_FILE = "RxSwift-Template/Info.plist";
				IPHONEOS_DEPLOYMENT_TARGET = 9.0;
				LD_RUNPATH_SEARCH_PATHS = (
					"$(inherited)",
					"@executable_path/Frameworks",
				);
				PRODUCT_BUNDLE_IDENTIFIER = "sun-asterisk.RxSwift-Template.dev";
				PRODUCT_NAME = "RxSwift-Template Dev";
				PROVISIONING_PROFILE_SPECIFIER = "";
				SWIFT_OBJC_BRIDGING_HEADER = "RxSwift-Template/Bridging-Header.h";
				SWIFT_VERSION = 5.0;
				TARGETED_DEVICE_FAMILY = 1;
			};
			name = Development_Build;
		};
		9CCAF97C2463A96D0003C56E /* Development_Build */ = {
			isa = XCBuildConfiguration;
			baseConfigurationReference = EC045B9421512DC3F8660D4A /* Pods-RxSwift-TemplateTests.development_build.xcconfig */;
			buildSettings = {
				ALWAYS_EMBED_SWIFT_STANDARD_LIBRARIES = YES;
				BUNDLE_LOADER = "$(TEST_HOST)";
				CODE_SIGN_STYLE = Automatic;
				ENABLE_TESTABILITY = YES;
				INFOPLIST_FILE = "RxSwift-TemplateTests/Info.plist";
				IPHONEOS_DEPLOYMENT_TARGET = 11.0;
				LD_RUNPATH_SEARCH_PATHS = (
					"$(inherited)",
					"@executable_path/Frameworks",
					"@loader_path/Frameworks",
				);
				PRODUCT_BUNDLE_IDENTIFIER = "sun-asterisk.RxSwift-TemplateTests";
				PRODUCT_NAME = "$(TARGET_NAME)";
				SWIFT_VERSION = 5.0;
				TARGETED_DEVICE_FAMILY = "1,2";
				TEST_HOST = "$(BUILT_PRODUCTS_DIR)/RxSwift-Template Dev.app/RxSwift-Template Dev";
			};
			name = Development_Build;
		};
		9CCAF97D2463A97C0003C56E /* Staging_Build */ = {
			isa = XCBuildConfiguration;
			buildSettings = {
				ALWAYS_SEARCH_USER_PATHS = NO;
				CLANG_ANALYZER_NONNULL = YES;
				CLANG_ANALYZER_NUMBER_OBJECT_CONVERSION = YES_AGGRESSIVE;
				CLANG_CXX_LANGUAGE_STANDARD = "gnu++14";
				CLANG_CXX_LIBRARY = "libc++";
				CLANG_ENABLE_MODULES = YES;
				CLANG_ENABLE_OBJC_ARC = YES;
				CLANG_ENABLE_OBJC_WEAK = YES;
				CLANG_WARN_BLOCK_CAPTURE_AUTORELEASING = YES;
				CLANG_WARN_BOOL_CONVERSION = YES;
				CLANG_WARN_COMMA = YES;
				CLANG_WARN_CONSTANT_CONVERSION = YES;
				CLANG_WARN_DEPRECATED_OBJC_IMPLEMENTATIONS = YES;
				CLANG_WARN_DIRECT_OBJC_ISA_USAGE = YES_ERROR;
				CLANG_WARN_DOCUMENTATION_COMMENTS = YES;
				CLANG_WARN_EMPTY_BODY = YES;
				CLANG_WARN_ENUM_CONVERSION = YES;
				CLANG_WARN_INFINITE_RECURSION = YES;
				CLANG_WARN_INT_CONVERSION = YES;
				CLANG_WARN_NON_LITERAL_NULL_CONVERSION = YES;
				CLANG_WARN_OBJC_IMPLICIT_RETAIN_SELF = YES;
				CLANG_WARN_OBJC_LITERAL_CONVERSION = YES;
				CLANG_WARN_OBJC_ROOT_CLASS = YES_ERROR;
				CLANG_WARN_RANGE_LOOP_ANALYSIS = YES;
				CLANG_WARN_STRICT_PROTOTYPES = YES;
				CLANG_WARN_SUSPICIOUS_MOVE = YES;
				CLANG_WARN_UNGUARDED_AVAILABILITY = YES_AGGRESSIVE;
				CLANG_WARN_UNREACHABLE_CODE = YES;
				CLANG_WARN__DUPLICATE_METHOD_MATCH = YES;
				COPY_PHASE_STRIP = NO;
				DEBUG_INFORMATION_FORMAT = dwarf;
				ENABLE_STRICT_OBJC_MSGSEND = YES;
				ENABLE_TESTABILITY = YES;
				GCC_C_LANGUAGE_STANDARD = gnu11;
				GCC_DYNAMIC_NO_PIC = NO;
				GCC_NO_COMMON_BLOCKS = YES;
				GCC_OPTIMIZATION_LEVEL = 0;
				GCC_PREPROCESSOR_DEFINITIONS = (
					"DEBUG=1",
					"$(inherited)",
				);
				GCC_WARN_64_TO_32_BIT_CONVERSION = YES;
				GCC_WARN_ABOUT_RETURN_TYPE = YES_ERROR;
				GCC_WARN_UNDECLARED_SELECTOR = YES;
				GCC_WARN_UNINITIALIZED_AUTOS = YES_AGGRESSIVE;
				GCC_WARN_UNUSED_FUNCTION = YES;
				GCC_WARN_UNUSED_VARIABLE = YES;
				IPHONEOS_DEPLOYMENT_TARGET = 12.0;
				MTL_ENABLE_DEBUG_INFO = INCLUDE_SOURCE;
				MTL_FAST_MATH = YES;
				ONLY_ACTIVE_ARCH = YES;
				SDKROOT = iphoneos;
				SWIFT_ACTIVE_COMPILATION_CONDITIONS = STAGING_BUILD;
				SWIFT_OPTIMIZATION_LEVEL = "-Onone";
			};
			name = Staging_Build;
		};
		9CCAF97E2463A97C0003C56E /* Staging_Build */ = {
			isa = XCBuildConfiguration;
			baseConfigurationReference = 1F262A7D8D7796E1D45C512A /* Pods-RxSwift-Template.staging_build.xcconfig */;
			buildSettings = {
				ASSETCATALOG_COMPILER_APPICON_NAME = AppIcon;
				CODE_SIGN_STYLE = Manual;
				DEVELOPMENT_TEAM = "";
				INFOPLIST_FILE = "RxSwift-Template/Info.plist";
				IPHONEOS_DEPLOYMENT_TARGET = 9.0;
				LD_RUNPATH_SEARCH_PATHS = (
					"$(inherited)",
					"@executable_path/Frameworks",
				);
				PRODUCT_BUNDLE_IDENTIFIER = "sun-asterisk.RxSwift-Template.stg";
				PRODUCT_NAME = "RxSwift-Template Staging";
				PROVISIONING_PROFILE_SPECIFIER = "";
				SWIFT_OBJC_BRIDGING_HEADER = "RxSwift-Template/Bridging-Header.h";
				SWIFT_VERSION = 5.0;
				TARGETED_DEVICE_FAMILY = 1;
			};
			name = Staging_Build;
		};
		9CCAF97F2463A97C0003C56E /* Staging_Build */ = {
			isa = XCBuildConfiguration;
			baseConfigurationReference = FE6F89216705E2966B0A8193 /* Pods-RxSwift-TemplateTests.staging_build.xcconfig */;
			buildSettings = {
				ALWAYS_EMBED_SWIFT_STANDARD_LIBRARIES = YES;
				BUNDLE_LOADER = "$(TEST_HOST)";
				CODE_SIGN_STYLE = Automatic;
				ENABLE_TESTABILITY = YES;
				INFOPLIST_FILE = "RxSwift-TemplateTests/Info.plist";
				IPHONEOS_DEPLOYMENT_TARGET = 11.0;
				LD_RUNPATH_SEARCH_PATHS = (
					"$(inherited)",
					"@executable_path/Frameworks",
					"@loader_path/Frameworks",
				);
				PRODUCT_BUNDLE_IDENTIFIER = "sun-asterisk.RxSwift-TemplateTests";
				PRODUCT_NAME = "$(TARGET_NAME)";
				SWIFT_VERSION = 5.0;
				TARGETED_DEVICE_FAMILY = "1,2";
				TEST_HOST = "$(BUILT_PRODUCTS_DIR)/RxSwift-Template Dev.app/RxSwift-Template Dev";
			};
			name = Staging_Build;
		};
		9CCAF9802463A9870003C56E /* Production_Build */ = {
			isa = XCBuildConfiguration;
			buildSettings = {
				ALWAYS_SEARCH_USER_PATHS = NO;
				CLANG_ANALYZER_NONNULL = YES;
				CLANG_ANALYZER_NUMBER_OBJECT_CONVERSION = YES_AGGRESSIVE;
				CLANG_CXX_LANGUAGE_STANDARD = "gnu++14";
				CLANG_CXX_LIBRARY = "libc++";
				CLANG_ENABLE_MODULES = YES;
				CLANG_ENABLE_OBJC_ARC = YES;
				CLANG_ENABLE_OBJC_WEAK = YES;
				CLANG_WARN_BLOCK_CAPTURE_AUTORELEASING = YES;
				CLANG_WARN_BOOL_CONVERSION = YES;
				CLANG_WARN_COMMA = YES;
				CLANG_WARN_CONSTANT_CONVERSION = YES;
				CLANG_WARN_DEPRECATED_OBJC_IMPLEMENTATIONS = YES;
				CLANG_WARN_DIRECT_OBJC_ISA_USAGE = YES_ERROR;
				CLANG_WARN_DOCUMENTATION_COMMENTS = YES;
				CLANG_WARN_EMPTY_BODY = YES;
				CLANG_WARN_ENUM_CONVERSION = YES;
				CLANG_WARN_INFINITE_RECURSION = YES;
				CLANG_WARN_INT_CONVERSION = YES;
				CLANG_WARN_NON_LITERAL_NULL_CONVERSION = YES;
				CLANG_WARN_OBJC_IMPLICIT_RETAIN_SELF = YES;
				CLANG_WARN_OBJC_LITERAL_CONVERSION = YES;
				CLANG_WARN_OBJC_ROOT_CLASS = YES_ERROR;
				CLANG_WARN_RANGE_LOOP_ANALYSIS = YES;
				CLANG_WARN_STRICT_PROTOTYPES = YES;
				CLANG_WARN_SUSPICIOUS_MOVE = YES;
				CLANG_WARN_UNGUARDED_AVAILABILITY = YES_AGGRESSIVE;
				CLANG_WARN_UNREACHABLE_CODE = YES;
				CLANG_WARN__DUPLICATE_METHOD_MATCH = YES;
				COPY_PHASE_STRIP = NO;
				DEBUG_INFORMATION_FORMAT = "dwarf-with-dsym";
				ENABLE_NS_ASSERTIONS = NO;
				ENABLE_STRICT_OBJC_MSGSEND = YES;
				ENABLE_TESTABILITY = YES;
				GCC_C_LANGUAGE_STANDARD = gnu11;
				GCC_NO_COMMON_BLOCKS = YES;
				GCC_WARN_64_TO_32_BIT_CONVERSION = YES;
				GCC_WARN_ABOUT_RETURN_TYPE = YES_ERROR;
				GCC_WARN_UNDECLARED_SELECTOR = YES;
				GCC_WARN_UNINITIALIZED_AUTOS = YES_AGGRESSIVE;
				GCC_WARN_UNUSED_FUNCTION = YES;
				GCC_WARN_UNUSED_VARIABLE = YES;
				IPHONEOS_DEPLOYMENT_TARGET = 12.0;
				MTL_ENABLE_DEBUG_INFO = NO;
				MTL_FAST_MATH = YES;
				SDKROOT = iphoneos;
				SWIFT_ACTIVE_COMPILATION_CONDITIONS = PRODUCTION_BUILD;
				SWIFT_COMPILATION_MODE = wholemodule;
				SWIFT_OPTIMIZATION_LEVEL = "-O";
				VALIDATE_PRODUCT = YES;
			};
			name = Production_Build;
		};
		9CCAF9812463A9870003C56E /* Production_Build */ = {
			isa = XCBuildConfiguration;
			baseConfigurationReference = B86F7686451EE373598F71F7 /* Pods-RxSwift-Template.production_build.xcconfig */;
			buildSettings = {
				ASSETCATALOG_COMPILER_APPICON_NAME = AppIcon;
				CODE_SIGN_STYLE = Manual;
				DEVELOPMENT_TEAM = "";
				INFOPLIST_FILE = "RxSwift-Template/Info.plist";
				IPHONEOS_DEPLOYMENT_TARGET = 9.0;
				LD_RUNPATH_SEARCH_PATHS = (
					"$(inherited)",
					"@executable_path/Frameworks",
				);
				PRODUCT_BUNDLE_IDENTIFIER = "sun-asterisk.RxSwift-Template";
				PRODUCT_NAME = "RxSwift-Template";
				PROVISIONING_PROFILE_SPECIFIER = "";
				SWIFT_OBJC_BRIDGING_HEADER = "RxSwift-Template/Bridging-Header.h";
				SWIFT_VERSION = 5.0;
				TARGETED_DEVICE_FAMILY = 1;
			};
			name = Production_Build;
		};
		9CCAF9822463A9870003C56E /* Production_Build */ = {
			isa = XCBuildConfiguration;
			baseConfigurationReference = 299B96249F72E113DC65EC43 /* Pods-RxSwift-TemplateTests.production_build.xcconfig */;
			buildSettings = {
				ALWAYS_EMBED_SWIFT_STANDARD_LIBRARIES = YES;
				BUNDLE_LOADER = "$(TEST_HOST)";
				CODE_SIGN_STYLE = Automatic;
				ENABLE_TESTABILITY = YES;
				INFOPLIST_FILE = "RxSwift-TemplateTests/Info.plist";
				IPHONEOS_DEPLOYMENT_TARGET = 11.0;
				LD_RUNPATH_SEARCH_PATHS = (
					"$(inherited)",
					"@executable_path/Frameworks",
					"@loader_path/Frameworks",
				);
				PRODUCT_BUNDLE_IDENTIFIER = "sun-asterisk.RxSwift-TemplateTests";
				PRODUCT_NAME = "$(TARGET_NAME)";
				SWIFT_VERSION = 5.0;
				TARGETED_DEVICE_FAMILY = "1,2";
				TEST_HOST = "$(BUILT_PRODUCTS_DIR)/RxSwift-Template Dev.app/RxSwift-Template Dev";
			};
			name = Production_Build;
		};
/* End XCBuildConfiguration section */

/* Begin XCConfigurationList section */
		9CC82B3C243AD3B800D95996 /* Build configuration list for PBXProject "RxSwift-Template" */ = {
			isa = XCConfigurationList;
			buildConfigurations = (
				9CC82B5E243AD3BD00D95996 /* Development */,
				9CCAF97A2463A96D0003C56E /* Development_Build */,
				9CCAF97724639A430003C56E /* Staging */,
				9CCAF97D2463A97C0003C56E /* Staging_Build */,
				9CC82B5F243AD3BD00D95996 /* Production */,
				9CCAF9802463A9870003C56E /* Production_Build */,
			);
			defaultConfigurationIsVisible = 0;
			defaultConfigurationName = Production;
		};
		9CC82B60243AD3BD00D95996 /* Build configuration list for PBXNativeTarget "RxSwift-Template" */ = {
			isa = XCConfigurationList;
			buildConfigurations = (
				9CC82B61243AD3BD00D95996 /* Development */,
				9CCAF97B2463A96D0003C56E /* Development_Build */,
				9CCAF97824639A430003C56E /* Staging */,
				9CCAF97E2463A97C0003C56E /* Staging_Build */,
				9CC82B62243AD3BD00D95996 /* Production */,
				9CCAF9812463A9870003C56E /* Production_Build */,
			);
			defaultConfigurationIsVisible = 0;
			defaultConfigurationName = Production;
		};
		9CC82B63243AD3BD00D95996 /* Build configuration list for PBXNativeTarget "RxSwift-TemplateTests" */ = {
			isa = XCConfigurationList;
			buildConfigurations = (
				9CC82B64243AD3BD00D95996 /* Development */,
				9CCAF97C2463A96D0003C56E /* Development_Build */,
				9CCAF97924639A430003C56E /* Staging */,
				9CCAF97F2463A97C0003C56E /* Staging_Build */,
				9CC82B65243AD3BD00D95996 /* Production */,
				9CCAF9822463A9870003C56E /* Production_Build */,
			);
			defaultConfigurationIsVisible = 0;
			defaultConfigurationName = Production;
		};
/* End XCConfigurationList section */
	};
	rootObject = 9CC82B39243AD3B800D95996 /* Project object */;
}
